
Microsoft Visual Studio Solution File, Format Version 12.00
# Visual Studio 15
VisualStudioVersion = 15.0.26124.0
MinimumVisualStudioVersion = 15.0.26124.0
Project("{FAE04EC0-301F-11D3-BF4B-00C04F79EFBC}") = "API", "API\API.csproj", "{56790F28-45E5-4785-A315-F02AA2E7C152}"
EndProject
Project("{FAE04EC0-301F-11D3-BF4B-00C04F79EFBC}") = "Core", "Core\Core.csproj", "{C0B8172C-43CE-46AF-ACC8-CAF63A2BB278}"
EndProject
Project("{FAE04EC0-301F-11D3-BF4B-00C04F79EFBC}") = "Infrastructure", "infrastructure\Infrastructure.csproj", "{DDAA344F-54B5-4CA1-803B-B4F977877DE1}"
EndProject
Global
	GlobalSection(SolutionConfigurationPlatforms) = preSolution
		Debug|Any CPU = Debug|Any CPU
		Debug|x64 = Debug|x64
		Debug|x86 = Debug|x86
		Release|Any CPU = Release|Any CPU
		Release|x64 = Release|x64
		Release|x86 = Release|x86
	EndGlobalSection
	GlobalSection(SolutionProperties) = preSolution
		HideSolutionNode = FALSE
	EndGlobalSection
	GlobalSection(ProjectConfigurationPlatforms) = postSolution
		{56790F28-45E5-4785-A315-F02AA2E7C152}.Debug|Any CPU.ActiveCfg = Debug|Any CPU
		{56790F28-45E5-4785-A315-F02AA2E7C152}.Debug|Any CPU.Build.0 = Debug|Any CPU
		{56790F28-45E5-4785-A315-F02AA2E7C152}.Debug|x64.ActiveCfg = Debug|Any CPU
		{56790F28-45E5-4785-A315-F02AA2E7C152}.Debug|x64.Build.0 = Debug|Any CPU
		{56790F28-45E5-4785-A315-F02AA2E7C152}.Debug|x86.ActiveCfg = Debug|Any CPU
		{56790F28-45E5-4785-A315-F02AA2E7C152}.Debug|x86.Build.0 = Debug|Any CPU
		{56790F28-45E5-4785-A315-F02AA2E7C152}.Release|Any CPU.ActiveCfg = Release|Any CPU
		{56790F28-45E5-4785-A315-F02AA2E7C152}.Release|Any CPU.Build.0 = Release|Any CPU
		{56790F28-45E5-4785-A315-F02AA2E7C152}.Release|x64.ActiveCfg = Release|Any CPU
		{56790F28-45E5-4785-A315-F02AA2E7C152}.Release|x64.Build.0 = Release|Any CPU
		{56790F28-45E5-4785-A315-F02AA2E7C152}.Release|x86.ActiveCfg = Release|Any CPU
		{56790F28-45E5-4785-A315-F02AA2E7C152}.Release|x86.Build.0 = Release|Any CPU
		{C0B8172C-43CE-46AF-ACC8-CAF63A2BB278}.Debug|Any CPU.ActiveCfg = Debug|Any CPU
		{C0B8172C-43CE-46AF-ACC8-CAF63A2BB278}.Debug|Any CPU.Build.0 = Debug|Any CPU
		{C0B8172C-43CE-46AF-ACC8-CAF63A2BB278}.Debug|x64.ActiveCfg = Debug|Any CPU
		{C0B8172C-43CE-46AF-ACC8-CAF63A2BB278}.Debug|x64.Build.0 = Debug|Any CPU
		{C0B8172C-43CE-46AF-ACC8-CAF63A2BB278}.Debug|x86.ActiveCfg = Debug|Any CPU
		{C0B8172C-43CE-46AF-ACC8-CAF63A2BB278}.Debug|x86.Build.0 = Debug|Any CPU
		{C0B8172C-43CE-46AF-ACC8-CAF63A2BB278}.Release|Any CPU.ActiveCfg = Release|Any CPU
		{C0B8172C-43CE-46AF-ACC8-CAF63A2BB278}.Release|Any CPU.Build.0 = Release|Any CPU
		{C0B8172C-43CE-46AF-ACC8-CAF63A2BB278}.Release|x64.ActiveCfg = Release|Any CPU
		{C0B8172C-43CE-46AF-ACC8-CAF63A2BB278}.Release|x64.Build.0 = Release|Any CPU
		{C0B8172C-43CE-46AF-ACC8-CAF63A2BB278}.Release|x86.ActiveCfg = Release|Any CPU
		{C0B8172C-43CE-46AF-ACC8-CAF63A2BB278}.Release|x86.Build.0 = Release|Any CPU
		{DDAA344F-54B5-4CA1-803B-B4F977877DE1}.Debug|Any CPU.ActiveCfg = Debug|Any CPU
		{DDAA344F-54B5-4CA1-803B-B4F977877DE1}.Debug|Any CPU.Build.0 = Debug|Any CPU
		{DDAA344F-54B5-4CA1-803B-B4F977877DE1}.Debug|x64.ActiveCfg = Debug|Any CPU
		{DDAA344F-54B5-4CA1-803B-B4F977877DE1}.Debug|x64.Build.0 = Debug|Any CPU
		{DDAA344F-54B5-4CA1-803B-B4F977877DE1}.Debug|x86.ActiveCfg = Debug|Any CPU
		{DDAA344F-54B5-4CA1-803B-B4F977877DE1}.Debug|x86.Build.0 = Debug|Any CPU
		{DDAA344F-54B5-4CA1-803B-B4F977877DE1}.Release|Any CPU.ActiveCfg = Release|Any CPU
		{DDAA344F-54B5-4CA1-803B-B4F977877DE1}.Release|Any CPU.Build.0 = Release|Any CPU
		{DDAA344F-54B5-4CA1-803B-B4F977877DE1}.Release|x64.ActiveCfg = Release|Any CPU
		{DDAA344F-54B5-4CA1-803B-B4F977877DE1}.Release|x64.Build.0 = Release|Any CPU
		{DDAA344F-54B5-4CA1-803B-B4F977877DE1}.Release|x86.ActiveCfg = Release|Any CPU
		{DDAA344F-54B5-4CA1-803B-B4F977877DE1}.Release|x86.Build.0 = Release|Any CPU
	EndGlobalSection
EndGlobal
